
Microsoft Visual Studio Solution File, Format Version 12.00
# Visual Studio Version 17
VisualStudioVersion = 17.14.37111.16 d17.14
MinimumVisualStudioVersion = 10.0.40219.1
Project("{FAE04EC0-301F-11D3-BF4B-00C04F79EFBC}") = "Clock", "Clock\Clock.csproj", "{06153A71-E08A-4C84-B105-E34E3A25475E}"
EndProject
Global
	GlobalSection(SolutionConfigurationPlatforms) = preSolution
		Debug|Any CPU = Debug|Any CPU
		Release|Any CPU = Release|Any CPU
	EndGlobalSection
	GlobalSection(ProjectConfigurationPlatforms) = postSolution
		{06153A71-E08A-4C84-B105-E34E3A25475E}.Debug|Any CPU.ActiveCfg = Debug|Any CPU
		{06153A71-E08A-4C84-B105-E34E3A25475E}.Debug|Any CPU.Build.0 = Debug|Any CPU
		{06153A71-E08A-4C84-B105-E34E3A25475E}.Release|Any CPU.ActiveCfg = Release|Any CPU
		{06153A71-E08A-4C84-B105-E34E3A25475E}.Release|Any CPU.Build.0 = Release|Any CPU
	EndGlobalSection
	GlobalSection(SolutionProperties) = preSolution
		HideSolutionNode = FALSE
	EndGlobalSection
	GlobalSection(ExtensibilityGlobals) = postSolution
		SolutionGuid = {D473F88E-35E6-4BD4-8D54-D20801884DF0}
	EndGlobalSection
EndGlobal
